<?xml version="1.0" encoding="UTF-8" standalone="yes" ?>
<CodeBlocks_project_file>
	<FileVersion major="1" minor="6" />
	<Project>
		<Option title="lab4" />
		<Option pch_mode="2" />
		<Option compiler="gcc" />
		<Build>
			<Target title="Debug">
				<Option output="bin/Debug/lab4" prefix_auto="1" extension_auto="1" />
				<Option object_output="obj/Debug/" />
				<Option type="1" />
				<Option compiler="gcc" />
				<Compiler>
					<Add option="-g" />
					<Add directory="include" />
				</Compiler>
			</Target>
			<Target title="Release">
				<Option output="bin/Release/lab4" prefix_auto="1" extension_auto="1" />
				<Option object_output="obj/Release/" />
				<Option type="1" />
				<Option compiler="gcc" />
				<Compiler>
					<Add option="-O2" />
					<Add directory="include" />
				</Compiler>
				<Linker>
					<Add option="-s" />
				</Linker>
			</Target>
		</Build>
		<Compiler>
			<Add option="-Wall" />
			<Add option="-fexceptions" />
		</Compiler>
		<Unit filename="include/Citizen.h" />
		<Unit filename="include/City.h" />
		<Unit filename="include/Compare.h" />
		<Unit filename="include/Even.h" />
		<Unit filename="include/Map.h" />
		<Unit filename="include/NumSum.h" />
		<Unit filename="include/Student.h" />
		<Unit filename="main.cpp" />
		<Unit filename="src/Citizen.cpp" />
		<Unit filename="src/City.cpp" />
		<Unit filename="src/Compare.cpp" />
		<Unit filename="src/Even.cpp" />
		<Unit filename="src/Map.cpp" />
		<Unit filename="src/NumSum.cpp" />
		<Unit filename="src/Student.cpp" />
		<Extensions>
			<lib_finder disable_auto="1" />
		</Extensions>
	</Project>
</CodeBlocks_project_file>
